
Microsoft Visual Studio Solution File, Format Version 12.00
# Visual Studio Version 16
VisualStudioVersion = 16.0.31321.278
MinimumVisualStudioVersion = 10.0.40219.1
Project("{FAE04EC0-301F-11D3-BF4B-00C04F79EFBC}") = "OopInheritance", "OopInheritance\OopInheritance.csproj", "{65801974-3D8F-4DB9-A51B-6B1E25DE4C82}"
EndProject
Global
	GlobalSection(SolutionConfigurationPlatforms) = preSolution
		Debug|Any CPU = Debug|Any CPU
		Release|Any CPU = Release|Any CPU
	EndGlobalSection
	GlobalSection(ProjectConfigurationPlatforms) = postSolution
		{65801974-3D8F-4DB9-A51B-6B1E25DE4C82}.Debug|Any CPU.ActiveCfg = Debug|Any CPU
		{65801974-3D8F-4DB9-A51B-6B1E25DE4C82}.Debug|Any CPU.Build.0 = Debug|Any CPU
		{65801974-3D8F-4DB9-A51B-6B1E25DE4C82}.Release|Any CPU.ActiveCfg = Release|Any CPU
		{65801974-3D8F-4DB9-A51B-6B1E25DE4C82}.Release|Any CPU.Build.0 = Release|Any CPU
	EndGlobalSection
	GlobalSection(SolutionProperties) = preSolution
		HideSolutionNode = FALSE
	EndGlobalSection
	GlobalSection(ExtensibilityGlobals) = postSolution
		SolutionGuid = {1C358019-3D8F-4300-B3EE-A239B8369E7E}
	EndGlobalSection
EndGlobal
